
Microsoft Visual Studio Solution File, Format Version 12.00
# Visual Studio Version 16
VisualStudioVersion = 16.0.29806.167
MinimumVisualStudioVersion = 10.0.40219.1
Project("{FAE04EC0-301F-11D3-BF4B-00C04F79EFBC}") = "RobotAlgorithmm", "RobotAlgorithmm/RobotAlgorithmm.csproj", "{E2AB47B7-DA85-4E54-AE4B-A621FF6E7CF6}"
EndProject
Global
	GlobalSection(SolutionConfigurationPlatforms) = preSolution
		Debug|Any CPU = Debug|Any CPU
		Release|Any CPU = Release|Any CPU
	EndGlobalSection
	GlobalSection(ProjectConfigurationPlatforms) = postSolution
		{E2AB47B7-DA85-4E54-AE4B-A621FF6E7CF6}.Debug|Any CPU.ActiveCfg = Debug|Any CPU
		{E2AB47B7-DA85-4E54-AE4B-A621FF6E7CF6}.Debug|Any CPU.Build.0 = Debug|Any CPU
		{E2AB47B7-DA85-4E54-AE4B-A621FF6E7CF6}.Release|Any CPU.ActiveCfg = Release|Any CPU
		{E2AB47B7-DA85-4E54-AE4B-A621FF6E7CF6}.Release|Any CPU.Build.0 = Release|Any CPU
	EndGlobalSection
	GlobalSection(SolutionProperties) = preSolution
		HideSolutionNode = FALSE
	EndGlobalSection
	GlobalSection(ExtensibilityGlobals) = postSolution
		SolutionGuid = {6DEAC17E-3AAB-4C44-B998-891DD4FCB413}
	EndGlobalSection
EndGlobal
